
Microsoft Visual Studio Solution File, Format Version 12.00
# Visual Studio Version 16
VisualStudioVersion = 16.0.29306.81
MinimumVisualStudioVersion = 10.0.40219.1
Project("{FAE04EC0-301F-11D3-BF4B-00C04F79EFBC}") = "File3", "File3\File3.csproj", "{477875E8-DCFB-488F-8B2A-2B092FF38734}"
EndProject
Global
	GlobalSection(SolutionConfigurationPlatforms) = preSolution
		Debug|Any CPU = Debug|Any CPU
		Release|Any CPU = Release|Any CPU
	EndGlobalSection
	GlobalSection(ProjectConfigurationPlatforms) = postSolution
		{477875E8-DCFB-488F-8B2A-2B092FF38734}.Debug|Any CPU.ActiveCfg = Debug|Any CPU
		{477875E8-DCFB-488F-8B2A-2B092FF38734}.Debug|Any CPU.Build.0 = Debug|Any CPU
		{477875E8-DCFB-488F-8B2A-2B092FF38734}.Release|Any CPU.ActiveCfg = Release|Any CPU
		{477875E8-DCFB-488F-8B2A-2B092FF38734}.Release|Any CPU.Build.0 = Release|Any CPU
	EndGlobalSection
	GlobalSection(SolutionProperties) = preSolution
		HideSolutionNode = FALSE
	EndGlobalSection
	GlobalSection(ExtensibilityGlobals) = postSolution
		SolutionGuid = {E4DFD7A6-2756-4987-A0CD-9BD26A5C6BD2}
	EndGlobalSection
EndGlobal
