
Microsoft Visual Studio Solution File, Format Version 12.00
# Visual Studio Version 16
VisualStudioVersion = 16.0.29306.81
MinimumVisualStudioVersion = 10.0.40219.1
Project("{FAE04EC0-301F-11D3-BF4B-00C04F79EFBC}") = "Filemultiple1", "Filemultiple1\Filemultiple1.csproj", "{EBBF1831-3C8C-49B3-BF92-BA6639D2EE07}"
EndProject
Global
	GlobalSection(SolutionConfigurationPlatforms) = preSolution
		Debug|Any CPU = Debug|Any CPU
		Release|Any CPU = Release|Any CPU
	EndGlobalSection
	GlobalSection(ProjectConfigurationPlatforms) = postSolution
		{EBBF1831-3C8C-49B3-BF92-BA6639D2EE07}.Debug|Any CPU.ActiveCfg = Debug|Any CPU
		{EBBF1831-3C8C-49B3-BF92-BA6639D2EE07}.Debug|Any CPU.Build.0 = Debug|Any CPU
		{EBBF1831-3C8C-49B3-BF92-BA6639D2EE07}.Release|Any CPU.ActiveCfg = Release|Any CPU
		{EBBF1831-3C8C-49B3-BF92-BA6639D2EE07}.Release|Any CPU.Build.0 = Release|Any CPU
	EndGlobalSection
	GlobalSection(SolutionProperties) = preSolution
		HideSolutionNode = FALSE
	EndGlobalSection
	GlobalSection(ExtensibilityGlobals) = postSolution
		SolutionGuid = {BDD5558F-A3D6-41B8-8CD0-DBFCEB4DAD2C}
	EndGlobalSection
EndGlobal
