
Microsoft Visual Studio Solution File, Format Version 12.00
# Visual Studio Version 16
VisualStudioVersion = 16.0.29306.81
MinimumVisualStudioVersion = 10.0.40219.1
Project("{FAE04EC0-301F-11D3-BF4B-00C04F79EFBC}") = "Chat1Svr", "Chat1Svr\Chat1Svr.csproj", "{C0AD4024-EC08-4111-A1E8-6D716578CE40}"
EndProject
Global
	GlobalSection(SolutionConfigurationPlatforms) = preSolution
		Debug|Any CPU = Debug|Any CPU
		Release|Any CPU = Release|Any CPU
	EndGlobalSection
	GlobalSection(ProjectConfigurationPlatforms) = postSolution
		{C0AD4024-EC08-4111-A1E8-6D716578CE40}.Debug|Any CPU.ActiveCfg = Debug|Any CPU
		{C0AD4024-EC08-4111-A1E8-6D716578CE40}.Debug|Any CPU.Build.0 = Debug|Any CPU
		{C0AD4024-EC08-4111-A1E8-6D716578CE40}.Release|Any CPU.ActiveCfg = Release|Any CPU
		{C0AD4024-EC08-4111-A1E8-6D716578CE40}.Release|Any CPU.Build.0 = Release|Any CPU
	EndGlobalSection
	GlobalSection(SolutionProperties) = preSolution
		HideSolutionNode = FALSE
	EndGlobalSection
	GlobalSection(ExtensibilityGlobals) = postSolution
		SolutionGuid = {8CC537C2-8517-4248-99A4-A43D4AC055D3}
	EndGlobalSection
EndGlobal
